
Microsoft Visual Studio Solution File, Format Version 12.00
Project("{FAE04EC0-301F-11D3-BF4B-00C04F79EFBC}") = "lab3", "lab3\lab3.csproj", "{BFB947E0-2E64-487B-A064-AF26D6F2D096}"
EndProject
Global
	GlobalSection(SolutionConfigurationPlatforms) = preSolution
		Debug|Any CPU = Debug|Any CPU
		Release|Any CPU = Release|Any CPU
	EndGlobalSection
	GlobalSection(ProjectConfigurationPlatforms) = postSolution
		{BFB947E0-2E64-487B-A064-AF26D6F2D096}.Debug|Any CPU.ActiveCfg = Debug|Any CPU
		{BFB947E0-2E64-487B-A064-AF26D6F2D096}.Debug|Any CPU.Build.0 = Debug|Any CPU
		{BFB947E0-2E64-487B-A064-AF26D6F2D096}.Release|Any CPU.ActiveCfg = Release|Any CPU
		{BFB947E0-2E64-487B-A064-AF26D6F2D096}.Release|Any CPU.Build.0 = Release|Any CPU
	EndGlobalSection
EndGlobal
